
Microsoft Visual Studio Solution File, Format Version 12.00
# Visual Studio 15
VisualStudioVersion = 15.0.28307.902
MinimumVisualStudioVersion = 10.0.40219.1
Project("{FAE04EC0-301F-11D3-BF4B-00C04F79EFBC}") = "Cas29", "Cas29\Cas29.csproj", "{1E253D97-5A28-492F-B543-695060501B5E}"
EndProject
Global
	GlobalSection(SolutionConfigurationPlatforms) = preSolution
		Debug|Any CPU = Debug|Any CPU
		Release|Any CPU = Release|Any CPU
	EndGlobalSection
	GlobalSection(ProjectConfigurationPlatforms) = postSolution
		{1E253D97-5A28-492F-B543-695060501B5E}.Debug|Any CPU.ActiveCfg = Debug|Any CPU
		{1E253D97-5A28-492F-B543-695060501B5E}.Debug|Any CPU.Build.0 = Debug|Any CPU
		{1E253D97-5A28-492F-B543-695060501B5E}.Release|Any CPU.ActiveCfg = Release|Any CPU
		{1E253D97-5A28-492F-B543-695060501B5E}.Release|Any CPU.Build.0 = Release|Any CPU
	EndGlobalSection
	GlobalSection(SolutionProperties) = preSolution
		HideSolutionNode = FALSE
	EndGlobalSection
	GlobalSection(ExtensibilityGlobals) = postSolution
		SolutionGuid = {AC1BFED0-AA13-4B02-BEE0-CFE8E3153251}
	EndGlobalSection
EndGlobal
